
Microsoft Visual Studio Solution File, Format Version 12.00
# Visual Studio Version 16
VisualStudioVersion = 16.0.31105.61
MinimumVisualStudioVersion = 10.0.40219.1
Project("{9A19103F-16F7-4668-BE54-9A1E7A4F7556}") = "NEvilES", "src\NEvilES\NEvilES.csproj", "{0C014101-EA0A-49B6-AB6B-590B37779F38}"
EndProject
Project("{9A19103F-16F7-4668-BE54-9A1E7A4F7556}") = "NEvilES.DataStore.SQL", "src\NEvilES.DataStore.SQL\NEvilES.DataStore.SQL.csproj", "{2EE8059A-8B43-45B9-AA7C-BAB534986C1F}"
EndProject
Project("{9A19103F-16F7-4668-BE54-9A1E7A4F7556}") = "NEvilES.Testing", "src\NEvilES.Testing\NEvilES.Testing.csproj", "{55244748-6BF2-4A49-8F5C-5F660C66D63C}"
EndProject
Project("{9A19103F-16F7-4668-BE54-9A1E7A4F7556}") = "NEvilES.Tests", "src\NEvilES.Tests\NEvilES.Tests.csproj", "{11B04DDE-378F-46BC-A3BA-2ADCDE4A5699}"
EndProject
Project("{2150E333-8FDC-42A3-9474-1A3956D46DE8}") = "Sample", "Sample", "{08722C2B-08B2-4615-8BAF-25EDC0C497BD}"
EndProject
Project("{9A19103F-16F7-4668-BE54-9A1E7A4F7556}") = "GTD.Domain", "src\Sample\GTD.Domain\GTD.Domain.csproj", "{71971C21-68F5-4D29-A044-7656271E5C06}"
EndProject
Project("{9A19103F-16F7-4668-BE54-9A1E7A4F7556}") = "GTD.ReadModel", "src\Sample\GTD.ReadModel\GTD.ReadModel.csproj", "{A04C028B-3D23-42FB-A5FD-8E65780BBFA5}"
EndProject
Project("{9A19103F-16F7-4668-BE54-9A1E7A4F7556}") = "GTD.SeedData", "src\Sample\GTD.SeedData\GTD.SeedData.csproj", "{A6949BB0-FD83-434E-93DA-FF7517B5E54A}"
EndProject
Project("{2150E333-8FDC-42A3-9474-1A3956D46DE8}") = "src", "src", "{46D734C0-32AE-4B02-9A16-2FE154B888BB}"
EndProject
Project("{9A19103F-16F7-4668-BE54-9A1E7A4F7556}") = "NEvilES.Abstractions", "src\NEvilES.Abstractions\NEvilES.Abstractions.csproj", "{3AC8CB1E-D411-4BF5-BD6A-D3A7C570EF00}"
EndProject
Project("{9A19103F-16F7-4668-BE54-9A1E7A4F7556}") = "NEvilES.Extensions.DependencyInjection", "src\NEvilES.Extensions.DependencyInjection\NEvilES.Extensions.DependencyInjection.csproj", "{F86C8DBA-C566-4B35-A2C7-19DFDD6C7DEA}"
EndProject
Project("{9A19103F-16F7-4668-BE54-9A1E7A4F7556}") = "NEvilES.DataStore.LiteDb", "src\NEvilES.DataStore.LiteDb\NEvilES.DataStore.LiteDb.csproj", "{A35B886A-D470-4D79-BCE5-2EF1B63F680F}"
EndProject
Project("{9A19103F-16F7-4668-BE54-9A1E7A4F7556}") = "NEvilES.DataStore.DynamoDB", "src\NEvilES.DataStore.DynamoDB\NEvilES.DataStore.DynamoDB.csproj", "{A7DE8C14-40FA-4942-BC44-F70B120E50AC}"
EndProject
Project("{9A19103F-16F7-4668-BE54-9A1E7A4F7556}") = "NEvilES.Tests.CommonDomain", "src\NEvilES.Tests.CommonDomain\NEvilES.Tests.CommonDomain.csproj", "{16BB3F5F-202E-42FF-8E7B-4F59F59FEEDD}"
EndProject
Project("{9A19103F-16F7-4668-BE54-9A1E7A4F7556}") = "NEvilES.DataStore.DynamoDB.Tests", "src\NEvilES.DataStore.DynamoDB.Tests\NEvilES.DataStore.DynamoDB.Tests.csproj", "{51F95C3C-7A2E-4AE4-A74F-32CF4E20AFDB}"
EndProject
Global
	GlobalSection(SolutionConfigurationPlatforms) = preSolution
		Debug|Any CPU = Debug|Any CPU
		Debug|x64 = Debug|x64
		Debug|x86 = Debug|x86
		Release|Any CPU = Release|Any CPU
		Release|x64 = Release|x64
		Release|x86 = Release|x86
	EndGlobalSection
	GlobalSection(ProjectConfigurationPlatforms) = postSolution
		{0C014101-EA0A-49B6-AB6B-590B37779F38}.Debug|Any CPU.ActiveCfg = Debug|Any CPU
		{0C014101-EA0A-49B6-AB6B-590B37779F38}.Debug|Any CPU.Build.0 = Debug|Any CPU
		{0C014101-EA0A-49B6-AB6B-590B37779F38}.Debug|x64.ActiveCfg = Debug|Any CPU
		{0C014101-EA0A-49B6-AB6B-590B37779F38}.Debug|x64.Build.0 = Debug|Any CPU
		{0C014101-EA0A-49B6-AB6B-590B37779F38}.Debug|x86.ActiveCfg = Debug|Any CPU
		{0C014101-EA0A-49B6-AB6B-590B37779F38}.Debug|x86.Build.0 = Debug|Any CPU
		{0C014101-EA0A-49B6-AB6B-590B37779F38}.Release|Any CPU.ActiveCfg = Release|Any CPU
		{0C014101-EA0A-49B6-AB6B-590B37779F38}.Release|Any CPU.Build.0 = Release|Any CPU
		{0C014101-EA0A-49B6-AB6B-590B37779F38}.Release|x64.ActiveCfg = Release|Any CPU
		{0C014101-EA0A-49B6-AB6B-590B37779F38}.Release|x64.Build.0 = Release|Any CPU
		{0C014101-EA0A-49B6-AB6B-590B37779F38}.Release|x86.ActiveCfg = Release|Any CPU
		{0C014101-EA0A-49B6-AB6B-590B37779F38}.Release|x86.Build.0 = Release|Any CPU
		{2EE8059A-8B43-45B9-AA7C-BAB534986C1F}.Debug|Any CPU.ActiveCfg = Debug|Any CPU
		{2EE8059A-8B43-45B9-AA7C-BAB534986C1F}.Debug|Any CPU.Build.0 = Debug|Any CPU
		{2EE8059A-8B43-45B9-AA7C-BAB534986C1F}.Debug|x64.ActiveCfg = Debug|Any CPU
		{2EE8059A-8B43-45B9-AA7C-BAB534986C1F}.Debug|x64.Build.0 = Debug|Any CPU
		{2EE8059A-8B43-45B9-AA7C-BAB534986C1F}.Debug|x86.ActiveCfg = Debug|Any CPU
		{2EE8059A-8B43-45B9-AA7C-BAB534986C1F}.Debug|x86.Build.0 = Debug|Any CPU
		{2EE8059A-8B43-45B9-AA7C-BAB534986C1F}.Release|Any CPU.ActiveCfg = Release|Any CPU
		{2EE8059A-8B43-45B9-AA7C-BAB534986C1F}.Release|Any CPU.Build.0 = Release|Any CPU
		{2EE8059A-8B43-45B9-AA7C-BAB534986C1F}.Release|x64.ActiveCfg = Release|Any CPU
		{2EE8059A-8B43-45B9-AA7C-BAB534986C1F}.Release|x64.Build.0 = Release|Any CPU
		{2EE8059A-8B43-45B9-AA7C-BAB534986C1F}.Release|x86.ActiveCfg = Release|Any CPU
		{2EE8059A-8B43-45B9-AA7C-BAB534986C1F}.Release|x86.Build.0 = Release|Any CPU
		{55244748-6BF2-4A49-8F5C-5F660C66D63C}.Debug|Any CPU.ActiveCfg = Debug|Any CPU
		{55244748-6BF2-4A49-8F5C-5F660C66D63C}.Debug|Any CPU.Build.0 = Debug|Any CPU
		{55244748-6BF2-4A49-8F5C-5F660C66D63C}.Debug|x64.ActiveCfg = Debug|Any CPU
		{55244748-6BF2-4A49-8F5C-5F660C66D63C}.Debug|x64.Build.0 = Debug|Any CPU
		{55244748-6BF2-4A49-8F5C-5F660C66D63C}.Debug|x86.ActiveCfg = Debug|Any CPU
		{55244748-6BF2-4A49-8F5C-5F660C66D63C}.Debug|x86.Build.0 = Debug|Any CPU
		{55244748-6BF2-4A49-8F5C-5F660C66D63C}.Release|Any CPU.ActiveCfg = Release|Any CPU
		{55244748-6BF2-4A49-8F5C-5F660C66D63C}.Release|Any CPU.Build.0 = Release|Any CPU
		{55244748-6BF2-4A49-8F5C-5F660C66D63C}.Release|x64.ActiveCfg = Release|Any CPU
		{55244748-6BF2-4A49-8F5C-5F660C66D63C}.Release|x64.Build.0 = Release|Any CPU
		{55244748-6BF2-4A49-8F5C-5F660C66D63C}.Release|x86.ActiveCfg = Release|Any CPU
		{55244748-6BF2-4A49-8F5C-5F660C66D63C}.Release|x86.Build.0 = Release|Any CPU
		{11B04DDE-378F-46BC-A3BA-2ADCDE4A5699}.Debug|Any CPU.ActiveCfg = Debug|Any CPU
		{11B04DDE-378F-46BC-A3BA-2ADCDE4A5699}.Debug|Any CPU.Build.0 = Debug|Any CPU
		{11B04DDE-378F-46BC-A3BA-2ADCDE4A5699}.Debug|x64.ActiveCfg = Debug|Any CPU
		{11B04DDE-378F-46BC-A3BA-2ADCDE4A5699}.Debug|x64.Build.0 = Debug|Any CPU
		{11B04DDE-378F-46BC-A3BA-2ADCDE4A5699}.Debug|x86.ActiveCfg = Debug|Any CPU
		{11B04DDE-378F-46BC-A3BA-2ADCDE4A5699}.Debug|x86.Build.0 = Debug|Any CPU
		{11B04DDE-378F-46BC-A3BA-2ADCDE4A5699}.Release|Any CPU.ActiveCfg = Release|Any CPU
		{11B04DDE-378F-46BC-A3BA-2ADCDE4A5699}.Release|Any CPU.Build.0 = Release|Any CPU
		{11B04DDE-378F-46BC-A3BA-2ADCDE4A5699}.Release|x64.ActiveCfg = Release|Any CPU
		{11B04DDE-378F-46BC-A3BA-2ADCDE4A5699}.Release|x64.Build.0 = Release|Any CPU
		{11B04DDE-378F-46BC-A3BA-2ADCDE4A5699}.Release|x86.ActiveCfg = Release|Any CPU
		{11B04DDE-378F-46BC-A3BA-2ADCDE4A5699}.Release|x86.Build.0 = Release|Any CPU
		{71971C21-68F5-4D29-A044-7656271E5C06}.Debug|Any CPU.ActiveCfg = Debug|Any CPU
		{71971C21-68F5-4D29-A044-7656271E5C06}.Debug|Any CPU.Build.0 = Debug|Any CPU
		{71971C21-68F5-4D29-A044-7656271E5C06}.Debug|x64.ActiveCfg = Debug|Any CPU
		{71971C21-68F5-4D29-A044-7656271E5C06}.Debug|x64.Build.0 = Debug|Any CPU
		{71971C21-68F5-4D29-A044-7656271E5C06}.Debug|x86.ActiveCfg = Debug|Any CPU
		{71971C21-68F5-4D29-A044-7656271E5C06}.Debug|x86.Build.0 = Debug|Any CPU
		{71971C21-68F5-4D29-A044-7656271E5C06}.Release|Any CPU.ActiveCfg = Release|Any CPU
		{71971C21-68F5-4D29-A044-7656271E5C06}.Release|Any CPU.Build.0 = Release|Any CPU
		{71971C21-68F5-4D29-A044-7656271E5C06}.Release|x64.ActiveCfg = Release|Any CPU
		{71971C21-68F5-4D29-A044-7656271E5C06}.Release|x64.Build.0 = Release|Any CPU
		{71971C21-68F5-4D29-A044-7656271E5C06}.Release|x86.ActiveCfg = Release|Any CPU
		{71971C21-68F5-4D29-A044-7656271E5C06}.Release|x86.Build.0 = Release|Any CPU
		{A04C028B-3D23-42FB-A5FD-8E65780BBFA5}.Debug|Any CPU.ActiveCfg = Debug|Any CPU
		{A04C028B-3D23-42FB-A5FD-8E65780BBFA5}.Debug|Any CPU.Build.0 = Debug|Any CPU
		{A04C028B-3D23-42FB-A5FD-8E65780BBFA5}.Debug|x64.ActiveCfg = Debug|Any CPU
		{A04C028B-3D23-42FB-A5FD-8E65780BBFA5}.Debug|x64.Build.0 = Debug|Any CPU
		{A04C028B-3D23-42FB-A5FD-8E65780BBFA5}.Debug|x86.ActiveCfg = Debug|Any CPU
		{A04C028B-3D23-42FB-A5FD-8E65780BBFA5}.Debug|x86.Build.0 = Debug|Any CPU
		{A04C028B-3D23-42FB-A5FD-8E65780BBFA5}.Release|Any CPU.ActiveCfg = Release|Any CPU
		{A04C028B-3D23-42FB-A5FD-8E65780BBFA5}.Release|Any CPU.Build.0 = Release|Any CPU
		{A04C028B-3D23-42FB-A5FD-8E65780BBFA5}.Release|x64.ActiveCfg = Release|Any CPU
		{A04C028B-3D23-42FB-A5FD-8E65780BBFA5}.Release|x64.Build.0 = Release|Any CPU
		{A04C028B-3D23-42FB-A5FD-8E65780BBFA5}.Release|x86.ActiveCfg = Release|Any CPU
		{A04C028B-3D23-42FB-A5FD-8E65780BBFA5}.Release|x86.Build.0 = Release|Any CPU
		{A6949BB0-FD83-434E-93DA-FF7517B5E54A}.Debug|Any CPU.ActiveCfg = Debug|Any CPU
		{A6949BB0-FD83-434E-93DA-FF7517B5E54A}.Debug|Any CPU.Build.0 = Debug|Any CPU
		{A6949BB0-FD83-434E-93DA-FF7517B5E54A}.Debug|x64.ActiveCfg = Debug|Any CPU
		{A6949BB0-FD83-434E-93DA-FF7517B5E54A}.Debug|x64.Build.0 = Debug|Any CPU
		{A6949BB0-FD83-434E-93DA-FF7517B5E54A}.Debug|x86.ActiveCfg = Debug|Any CPU
		{A6949BB0-FD83-434E-93DA-FF7517B5E54A}.Debug|x86.Build.0 = Debug|Any CPU
		{A6949BB0-FD83-434E-93DA-FF7517B5E54A}.Release|Any CPU.ActiveCfg = Release|Any CPU
		{A6949BB0-FD83-434E-93DA-FF7517B5E54A}.Release|Any CPU.Build.0 = Release|Any CPU
		{A6949BB0-FD83-434E-93DA-FF7517B5E54A}.Release|x64.ActiveCfg = Release|Any CPU
		{A6949BB0-FD83-434E-93DA-FF7517B5E54A}.Release|x64.Build.0 = Release|Any CPU
		{A6949BB0-FD83-434E-93DA-FF7517B5E54A}.Release|x86.ActiveCfg = Release|Any CPU
		{A6949BB0-FD83-434E-93DA-FF7517B5E54A}.Release|x86.Build.0 = Release|Any CPU
		{3AC8CB1E-D411-4BF5-BD6A-D3A7C570EF00}.Debug|Any CPU.ActiveCfg = Debug|Any CPU
		{3AC8CB1E-D411-4BF5-BD6A-D3A7C570EF00}.Debug|Any CPU.Build.0 = Debug|Any CPU
		{3AC8CB1E-D411-4BF5-BD6A-D3A7C570EF00}.Debug|x64.ActiveCfg = Debug|Any CPU
		{3AC8CB1E-D411-4BF5-BD6A-D3A7C570EF00}.Debug|x64.Build.0 = Debug|Any CPU
		{3AC8CB1E-D411-4BF5-BD6A-D3A7C570EF00}.Debug|x86.ActiveCfg = Debug|Any CPU
		{3AC8CB1E-D411-4BF5-BD6A-D3A7C570EF00}.Debug|x86.Build.0 = Debug|Any CPU
		{3AC8CB1E-D411-4BF5-BD6A-D3A7C570EF00}.Release|Any CPU.ActiveCfg = Release|Any CPU
		{3AC8CB1E-D411-4BF5-BD6A-D3A7C570EF00}.Release|Any CPU.Build.0 = Release|Any CPU
		{3AC8CB1E-D411-4BF5-BD6A-D3A7C570EF00}.Release|x64.ActiveCfg = Release|Any CPU
		{3AC8CB1E-D411-4BF5-BD6A-D3A7C570EF00}.Release|x64.Build.0 = Release|Any CPU
		{3AC8CB1E-D411-4BF5-BD6A-D3A7C570EF00}.Release|x86.ActiveCfg = Release|Any CPU
		{3AC8CB1E-D411-4BF5-BD6A-D3A7C570EF00}.Release|x86.Build.0 = Release|Any CPU
		{F86C8DBA-C566-4B35-A2C7-19DFDD6C7DEA}.Debug|Any CPU.ActiveCfg = Debug|Any CPU
		{F86C8DBA-C566-4B35-A2C7-19DFDD6C7DEA}.Debug|Any CPU.Build.0 = Debug|Any CPU
		{F86C8DBA-C566-4B35-A2C7-19DFDD6C7DEA}.Debug|x64.ActiveCfg = Debug|Any CPU
		{F86C8DBA-C566-4B35-A2C7-19DFDD6C7DEA}.Debug|x64.Build.0 = Debug|Any CPU
		{F86C8DBA-C566-4B35-A2C7-19DFDD6C7DEA}.Debug|x86.ActiveCfg = Debug|Any CPU
		{F86C8DBA-C566-4B35-A2C7-19DFDD6C7DEA}.Debug|x86.Build.0 = Debug|Any CPU
		{F86C8DBA-C566-4B35-A2C7-19DFDD6C7DEA}.Release|Any CPU.ActiveCfg = Release|Any CPU
		{F86C8DBA-C566-4B35-A2C7-19DFDD6C7DEA}.Release|Any CPU.Build.0 = Release|Any CPU
		{F86C8DBA-C566-4B35-A2C7-19DFDD6C7DEA}.Release|x64.ActiveCfg = Release|Any CPU
		{F86C8DBA-C566-4B35-A2C7-19DFDD6C7DEA}.Release|x64.Build.0 = Release|Any CPU
		{F86C8DBA-C566-4B35-A2C7-19DFDD6C7DEA}.Release|x86.ActiveCfg = Release|Any CPU
		{F86C8DBA-C566-4B35-A2C7-19DFDD6C7DEA}.Release|x86.Build.0 = Release|Any CPU
		{A35B886A-D470-4D79-BCE5-2EF1B63F680F}.Debug|Any CPU.ActiveCfg = Debug|Any CPU
		{A35B886A-D470-4D79-BCE5-2EF1B63F680F}.Debug|Any CPU.Build.0 = Debug|Any CPU
		{A35B886A-D470-4D79-BCE5-2EF1B63F680F}.Debug|x64.ActiveCfg = Debug|Any CPU
		{A35B886A-D470-4D79-BCE5-2EF1B63F680F}.Debug|x64.Build.0 = Debug|Any CPU
		{A35B886A-D470-4D79-BCE5-2EF1B63F680F}.Debug|x86.ActiveCfg = Debug|Any CPU
		{A35B886A-D470-4D79-BCE5-2EF1B63F680F}.Debug|x86.Build.0 = Debug|Any CPU
		{A35B886A-D470-4D79-BCE5-2EF1B63F680F}.Release|Any CPU.ActiveCfg = Release|Any CPU
		{A35B886A-D470-4D79-BCE5-2EF1B63F680F}.Release|Any CPU.Build.0 = Release|Any CPU
		{A35B886A-D470-4D79-BCE5-2EF1B63F680F}.Release|x64.ActiveCfg = Release|Any CPU
		{A35B886A-D470-4D79-BCE5-2EF1B63F680F}.Release|x64.Build.0 = Release|Any CPU
		{A35B886A-D470-4D79-BCE5-2EF1B63F680F}.Release|x86.ActiveCfg = Release|Any CPU
		{A35B886A-D470-4D79-BCE5-2EF1B63F680F}.Release|x86.Build.0 = Release|Any CPU
		{A7DE8C14-40FA-4942-BC44-F70B120E50AC}.Debug|Any CPU.ActiveCfg = Debug|Any CPU
		{A7DE8C14-40FA-4942-BC44-F70B120E50AC}.Debug|Any CPU.Build.0 = Debug|Any CPU
		{A7DE8C14-40FA-4942-BC44-F70B120E50AC}.Debug|x64.ActiveCfg = Debug|Any CPU
		{A7DE8C14-40FA-4942-BC44-F70B120E50AC}.Debug|x64.Build.0 = Debug|Any CPU
		{A7DE8C14-40FA-4942-BC44-F70B120E50AC}.Debug|x86.ActiveCfg = Debug|Any CPU
		{A7DE8C14-40FA-4942-BC44-F70B120E50AC}.Debug|x86.Build.0 = Debug|Any CPU
		{A7DE8C14-40FA-4942-BC44-F70B120E50AC}.Release|Any CPU.ActiveCfg = Release|Any CPU
		{A7DE8C14-40FA-4942-BC44-F70B120E50AC}.Release|Any CPU.Build.0 = Release|Any CPU
		{A7DE8C14-40FA-4942-BC44-F70B120E50AC}.Release|x64.ActiveCfg = Release|Any CPU
		{A7DE8C14-40FA-4942-BC44-F70B120E50AC}.Release|x64.Build.0 = Release|Any CPU
		{A7DE8C14-40FA-4942-BC44-F70B120E50AC}.Release|x86.ActiveCfg = Release|Any CPU
		{A7DE8C14-40FA-4942-BC44-F70B120E50AC}.Release|x86.Build.0 = Release|Any CPU
		{16BB3F5F-202E-42FF-8E7B-4F59F59FEEDD}.Debug|Any CPU.ActiveCfg = Debug|Any CPU
		{16BB3F5F-202E-42FF-8E7B-4F59F59FEEDD}.Debug|Any CPU.Build.0 = Debug|Any CPU
		{16BB3F5F-202E-42FF-8E7B-4F59F59FEEDD}.Debug|x64.ActiveCfg = Debug|Any CPU
		{16BB3F5F-202E-42FF-8E7B-4F59F59FEEDD}.Debug|x64.Build.0 = Debug|Any CPU
		{16BB3F5F-202E-42FF-8E7B-4F59F59FEEDD}.Debug|x86.ActiveCfg = Debug|Any CPU
		{16BB3F5F-202E-42FF-8E7B-4F59F59FEEDD}.Debug|x86.Build.0 = Debug|Any CPU
		{16BB3F5F-202E-42FF-8E7B-4F59F59FEEDD}.Release|Any CPU.ActiveCfg = Release|Any CPU
		{16BB3F5F-202E-42FF-8E7B-4F59F59FEEDD}.Release|Any CPU.Build.0 = Release|Any CPU
		{16BB3F5F-202E-42FF-8E7B-4F59F59FEEDD}.Release|x64.ActiveCfg = Release|Any CPU
		{16BB3F5F-202E-42FF-8E7B-4F59F59FEEDD}.Release|x64.Build.0 = Release|Any CPU
		{16BB3F5F-202E-42FF-8E7B-4F59F59FEEDD}.Release|x86.ActiveCfg = Release|Any CPU
		{16BB3F5F-202E-42FF-8E7B-4F59F59FEEDD}.Release|x86.Build.0 = Release|Any CPU
		{51F95C3C-7A2E-4AE4-A74F-32CF4E20AFDB}.Debug|Any CPU.ActiveCfg = Debug|Any CPU
		{51F95C3C-7A2E-4AE4-A74F-32CF4E20AFDB}.Debug|Any CPU.Build.0 = Debug|Any CPU
		{51F95C3C-7A2E-4AE4-A74F-32CF4E20AFDB}.Debug|x64.ActiveCfg = Debug|Any CPU
		{51F95C3C-7A2E-4AE4-A74F-32CF4E20AFDB}.Debug|x64.Build.0 = Debug|Any CPU
		{51F95C3C-7A2E-4AE4-A74F-32CF4E20AFDB}.Debug|x86.ActiveCfg = Debug|Any CPU
		{51F95C3C-7A2E-4AE4-A74F-32CF4E20AFDB}.Debug|x86.Build.0 = Debug|Any CPU
		{51F95C3C-7A2E-4AE4-A74F-32CF4E20AFDB}.Release|Any CPU.ActiveCfg = Release|Any CPU
		{51F95C3C-7A2E-4AE4-A74F-32CF4E20AFDB}.Release|Any CPU.Build.0 = Release|Any CPU
		{51F95C3C-7A2E-4AE4-A74F-32CF4E20AFDB}.Release|x64.ActiveCfg = Release|Any CPU
		{51F95C3C-7A2E-4AE4-A74F-32CF4E20AFDB}.Release|x64.Build.0 = Release|Any CPU
		{51F95C3C-7A2E-4AE4-A74F-32CF4E20AFDB}.Release|x86.ActiveCfg = Release|Any CPU
		{51F95C3C-7A2E-4AE4-A74F-32CF4E20AFDB}.Release|x86.Build.0 = Release|Any CPU
	EndGlobalSection
	GlobalSection(SolutionProperties) = preSolution
		HideSolutionNode = FALSE
	EndGlobalSection
	GlobalSection(NestedProjects) = preSolution
		{0C014101-EA0A-49B6-AB6B-590B37779F38} = {46D734C0-32AE-4B02-9A16-2FE154B888BB}
		{2EE8059A-8B43-45B9-AA7C-BAB534986C1F} = {46D734C0-32AE-4B02-9A16-2FE154B888BB}
		{55244748-6BF2-4A49-8F5C-5F660C66D63C} = {46D734C0-32AE-4B02-9A16-2FE154B888BB}
		{11B04DDE-378F-46BC-A3BA-2ADCDE4A5699} = {46D734C0-32AE-4B02-9A16-2FE154B888BB}
		{71971C21-68F5-4D29-A044-7656271E5C06} = {08722C2B-08B2-4615-8BAF-25EDC0C497BD}
		{A04C028B-3D23-42FB-A5FD-8E65780BBFA5} = {08722C2B-08B2-4615-8BAF-25EDC0C497BD}
		{A6949BB0-FD83-434E-93DA-FF7517B5E54A} = {08722C2B-08B2-4615-8BAF-25EDC0C497BD}
		{3AC8CB1E-D411-4BF5-BD6A-D3A7C570EF00} = {46D734C0-32AE-4B02-9A16-2FE154B888BB}
		{F86C8DBA-C566-4B35-A2C7-19DFDD6C7DEA} = {46D734C0-32AE-4B02-9A16-2FE154B888BB}
		{A35B886A-D470-4D79-BCE5-2EF1B63F680F} = {46D734C0-32AE-4B02-9A16-2FE154B888BB}
		{A7DE8C14-40FA-4942-BC44-F70B120E50AC} = {46D734C0-32AE-4B02-9A16-2FE154B888BB}
		{16BB3F5F-202E-42FF-8E7B-4F59F59FEEDD} = {46D734C0-32AE-4B02-9A16-2FE154B888BB}
		{51F95C3C-7A2E-4AE4-A74F-32CF4E20AFDB} = {46D734C0-32AE-4B02-9A16-2FE154B888BB}
	EndGlobalSection
	GlobalSection(ExtensibilityGlobals) = postSolution
		SolutionGuid = {572E074A-7E1F-4483-9F6B-7B7711E4BA92}
	EndGlobalSection
EndGlobal
