
Microsoft Visual Studio Solution File, Format Version 12.00
# Visual Studio 15
VisualStudioVersion = 15.0.26228.10
MinimumVisualStudioVersion = 10.0.40219.1
Project("{9A19103F-16F7-4668-BE54-9A1E7A4F7556}") = "NEvilES", "src\NEvilES\NEvilES.csproj", "{0C014101-EA0A-49B6-AB6B-590B37779F38}"
EndProject
Project("{9A19103F-16F7-4668-BE54-9A1E7A4F7556}") = "NEvilES.DataStore.SQL", "src\NEvilES.DataStore.SQL\NEvilES.DataStore.SQL.csproj", "{2EE8059A-8B43-45B9-AA7C-BAB534986C1F}"
EndProject
Project("{9A19103F-16F7-4668-BE54-9A1E7A4F7556}") = "NEvilES.Testing", "src\NEvilES.Testing\NEvilES.Testing.csproj", "{55244748-6BF2-4A49-8F5C-5F660C66D63C}"
EndProject
Project("{9A19103F-16F7-4668-BE54-9A1E7A4F7556}") = "NEvilES.Tests", "src\NEvilES.Tests\NEvilES.Tests.csproj", "{11B04DDE-378F-46BC-A3BA-2ADCDE4A5699}"
EndProject
Project("{9A19103F-16F7-4668-BE54-9A1E7A4F7556}") = "GTD.Common", "src\Sample\GTD.Common\GTD.Common.csproj", "{AF9B1DAE-4741-4893-A7ED-B237567A92E5}"
EndProject
Project("{2150E333-8FDC-42A3-9474-1A3956D46DE8}") = "Sample", "Sample", "{08722C2B-08B2-4615-8BAF-25EDC0C497BD}"
EndProject
Project("{9A19103F-16F7-4668-BE54-9A1E7A4F7556}") = "GTD.Domain", "src\Sample\GTD.Domain\GTD.Domain.csproj", "{71971C21-68F5-4D29-A044-7656271E5C06}"
EndProject
Project("{9A19103F-16F7-4668-BE54-9A1E7A4F7556}") = "GTD.ReadModel", "src\Sample\GTD.ReadModel\GTD.ReadModel.csproj", "{A04C028B-3D23-42FB-A5FD-8E65780BBFA5}"
EndProject
Project("{9A19103F-16F7-4668-BE54-9A1E7A4F7556}") = "GTD.SeedData", "src\Sample\GTD.SeedData\GTD.SeedData.csproj", "{A6949BB0-FD83-434E-93DA-FF7517B5E54A}"
EndProject
Project("{2150E333-8FDC-42A3-9474-1A3956D46DE8}") = "src", "src", "{46D734C0-32AE-4B02-9A16-2FE154B888BB}"
EndProject
Project("{9A19103F-16F7-4668-BE54-9A1E7A4F7556}") = "NEvilES.Abstractions", "src\NEvilES.Abstractions\NEvilES.Abstractions.csproj", "{3AC8CB1E-D411-4BF5-BD6A-D3A7C570EF00}"
EndProject
Project("{9A19103F-16F7-4668-BE54-9A1E7A4F7556}") = "NEvilES.Extensions.DependencyInjection", "src\NEvilES.Extensions.DependecyInjection\NEvilES.Extensions.DependencyInjection.csproj", "{F86C8DBA-C566-4B35-A2C7-19DFDD6C7DEA}"
EndProject
Global
	GlobalSection(SolutionConfigurationPlatforms) = preSolution
		Debug|Any CPU = Debug|Any CPU
		Debug|x64 = Debug|x64
		Debug|x86 = Debug|x86
		Release|Any CPU = Release|Any CPU
		Release|x64 = Release|x64
		Release|x86 = Release|x86
	EndGlobalSection
	GlobalSection(ProjectConfigurationPlatforms) = postSolution
		{0C014101-EA0A-49B6-AB6B-590B37779F38}.Debug|Any CPU.ActiveCfg = Debug|Any CPU
		{0C014101-EA0A-49B6-AB6B-590B37779F38}.Debug|Any CPU.Build.0 = Debug|Any CPU
		{0C014101-EA0A-49B6-AB6B-590B37779F38}.Debug|x64.ActiveCfg = Debug|Any CPU
		{0C014101-EA0A-49B6-AB6B-590B37779F38}.Debug|x64.Build.0 = Debug|Any CPU
		{0C014101-EA0A-49B6-AB6B-590B37779F38}.Debug|x86.ActiveCfg = Debug|Any CPU
		{0C014101-EA0A-49B6-AB6B-590B37779F38}.Debug|x86.Build.0 = Debug|Any CPU
		{0C014101-EA0A-49B6-AB6B-590B37779F38}.Release|Any CPU.ActiveCfg = Release|Any CPU
		{0C014101-EA0A-49B6-AB6B-590B37779F38}.Release|Any CPU.Build.0 = Release|Any CPU
		{0C014101-EA0A-49B6-AB6B-590B37779F38}.Release|x64.ActiveCfg = Release|Any CPU
		{0C014101-EA0A-49B6-AB6B-590B37779F38}.Release|x64.Build.0 = Release|Any CPU
		{0C014101-EA0A-49B6-AB6B-590B37779F38}.Release|x86.ActiveCfg = Release|Any CPU
		{0C014101-EA0A-49B6-AB6B-590B37779F38}.Release|x86.Build.0 = Release|Any CPU
		{2EE8059A-8B43-45B9-AA7C-BAB534986C1F}.Debug|Any CPU.ActiveCfg = Debug|Any CPU
		{2EE8059A-8B43-45B9-AA7C-BAB534986C1F}.Debug|Any CPU.Build.0 = Debug|Any CPU
		{2EE8059A-8B43-45B9-AA7C-BAB534986C1F}.Debug|x64.ActiveCfg = Debug|Any CPU
		{2EE8059A-8B43-45B9-AA7C-BAB534986C1F}.Debug|x64.Build.0 = Debug|Any CPU
		{2EE8059A-8B43-45B9-AA7C-BAB534986C1F}.Debug|x86.ActiveCfg = Debug|Any CPU
		{2EE8059A-8B43-45B9-AA7C-BAB534986C1F}.Debug|x86.Build.0 = Debug|Any CPU
		{2EE8059A-8B43-45B9-AA7C-BAB534986C1F}.Release|Any CPU.ActiveCfg = Release|Any CPU
		{2EE8059A-8B43-45B9-AA7C-BAB534986C1F}.Release|Any CPU.Build.0 = Release|Any CPU
		{2EE8059A-8B43-45B9-AA7C-BAB534986C1F}.Release|x64.ActiveCfg = Release|Any CPU
		{2EE8059A-8B43-45B9-AA7C-BAB534986C1F}.Release|x64.Build.0 = Release|Any CPU
		{2EE8059A-8B43-45B9-AA7C-BAB534986C1F}.Release|x86.ActiveCfg = Release|Any CPU
		{2EE8059A-8B43-45B9-AA7C-BAB534986C1F}.Release|x86.Build.0 = Release|Any CPU
		{55244748-6BF2-4A49-8F5C-5F660C66D63C}.Debug|Any CPU.ActiveCfg = Debug|Any CPU
		{55244748-6BF2-4A49-8F5C-5F660C66D63C}.Debug|Any CPU.Build.0 = Debug|Any CPU
		{55244748-6BF2-4A49-8F5C-5F660C66D63C}.Debug|x64.ActiveCfg = Debug|Any CPU
		{55244748-6BF2-4A49-8F5C-5F660C66D63C}.Debug|x64.Build.0 = Debug|Any CPU
		{55244748-6BF2-4A49-8F5C-5F660C66D63C}.Debug|x86.ActiveCfg = Debug|Any CPU
		{55244748-6BF2-4A49-8F5C-5F660C66D63C}.Debug|x86.Build.0 = Debug|Any CPU
		{55244748-6BF2-4A49-8F5C-5F660C66D63C}.Release|Any CPU.ActiveCfg = Release|Any CPU
		{55244748-6BF2-4A49-8F5C-5F660C66D63C}.Release|Any CPU.Build.0 = Release|Any CPU
		{55244748-6BF2-4A49-8F5C-5F660C66D63C}.Release|x64.ActiveCfg = Release|Any CPU
		{55244748-6BF2-4A49-8F5C-5F660C66D63C}.Release|x64.Build.0 = Release|Any CPU
		{55244748-6BF2-4A49-8F5C-5F660C66D63C}.Release|x86.ActiveCfg = Release|Any CPU
		{55244748-6BF2-4A49-8F5C-5F660C66D63C}.Release|x86.Build.0 = Release|Any CPU
		{11B04DDE-378F-46BC-A3BA-2ADCDE4A5699}.Debug|Any CPU.ActiveCfg = Debug|Any CPU
		{11B04DDE-378F-46BC-A3BA-2ADCDE4A5699}.Debug|Any CPU.Build.0 = Debug|Any CPU
		{11B04DDE-378F-46BC-A3BA-2ADCDE4A5699}.Debug|x64.ActiveCfg = Debug|Any CPU
		{11B04DDE-378F-46BC-A3BA-2ADCDE4A5699}.Debug|x64.Build.0 = Debug|Any CPU
		{11B04DDE-378F-46BC-A3BA-2ADCDE4A5699}.Debug|x86.ActiveCfg = Debug|Any CPU
		{11B04DDE-378F-46BC-A3BA-2ADCDE4A5699}.Debug|x86.Build.0 = Debug|Any CPU
		{11B04DDE-378F-46BC-A3BA-2ADCDE4A5699}.Release|Any CPU.ActiveCfg = Release|Any CPU
		{11B04DDE-378F-46BC-A3BA-2ADCDE4A5699}.Release|Any CPU.Build.0 = Release|Any CPU
		{11B04DDE-378F-46BC-A3BA-2ADCDE4A5699}.Release|x64.ActiveCfg = Release|Any CPU
		{11B04DDE-378F-46BC-A3BA-2ADCDE4A5699}.Release|x64.Build.0 = Release|Any CPU
		{11B04DDE-378F-46BC-A3BA-2ADCDE4A5699}.Release|x86.ActiveCfg = Release|Any CPU
		{11B04DDE-378F-46BC-A3BA-2ADCDE4A5699}.Release|x86.Build.0 = Release|Any CPU
		{AF9B1DAE-4741-4893-A7ED-B237567A92E5}.Debug|Any CPU.ActiveCfg = Debug|Any CPU
		{AF9B1DAE-4741-4893-A7ED-B237567A92E5}.Debug|Any CPU.Build.0 = Debug|Any CPU
		{AF9B1DAE-4741-4893-A7ED-B237567A92E5}.Debug|x64.ActiveCfg = Debug|Any CPU
		{AF9B1DAE-4741-4893-A7ED-B237567A92E5}.Debug|x64.Build.0 = Debug|Any CPU
		{AF9B1DAE-4741-4893-A7ED-B237567A92E5}.Debug|x86.ActiveCfg = Debug|Any CPU
		{AF9B1DAE-4741-4893-A7ED-B237567A92E5}.Debug|x86.Build.0 = Debug|Any CPU
		{AF9B1DAE-4741-4893-A7ED-B237567A92E5}.Release|Any CPU.ActiveCfg = Release|Any CPU
		{AF9B1DAE-4741-4893-A7ED-B237567A92E5}.Release|Any CPU.Build.0 = Release|Any CPU
		{AF9B1DAE-4741-4893-A7ED-B237567A92E5}.Release|x64.ActiveCfg = Release|Any CPU
		{AF9B1DAE-4741-4893-A7ED-B237567A92E5}.Release|x64.Build.0 = Release|Any CPU
		{AF9B1DAE-4741-4893-A7ED-B237567A92E5}.Release|x86.ActiveCfg = Release|Any CPU
		{AF9B1DAE-4741-4893-A7ED-B237567A92E5}.Release|x86.Build.0 = Release|Any CPU
		{71971C21-68F5-4D29-A044-7656271E5C06}.Debug|Any CPU.ActiveCfg = Debug|Any CPU
		{71971C21-68F5-4D29-A044-7656271E5C06}.Debug|Any CPU.Build.0 = Debug|Any CPU
		{71971C21-68F5-4D29-A044-7656271E5C06}.Debug|x64.ActiveCfg = Debug|Any CPU
		{71971C21-68F5-4D29-A044-7656271E5C06}.Debug|x64.Build.0 = Debug|Any CPU
		{71971C21-68F5-4D29-A044-7656271E5C06}.Debug|x86.ActiveCfg = Debug|Any CPU
		{71971C21-68F5-4D29-A044-7656271E5C06}.Debug|x86.Build.0 = Debug|Any CPU
		{71971C21-68F5-4D29-A044-7656271E5C06}.Release|Any CPU.ActiveCfg = Release|Any CPU
		{71971C21-68F5-4D29-A044-7656271E5C06}.Release|Any CPU.Build.0 = Release|Any CPU
		{71971C21-68F5-4D29-A044-7656271E5C06}.Release|x64.ActiveCfg = Release|Any CPU
		{71971C21-68F5-4D29-A044-7656271E5C06}.Release|x64.Build.0 = Release|Any CPU
		{71971C21-68F5-4D29-A044-7656271E5C06}.Release|x86.ActiveCfg = Release|Any CPU
		{71971C21-68F5-4D29-A044-7656271E5C06}.Release|x86.Build.0 = Release|Any CPU
		{A04C028B-3D23-42FB-A5FD-8E65780BBFA5}.Debug|Any CPU.ActiveCfg = Debug|Any CPU
		{A04C028B-3D23-42FB-A5FD-8E65780BBFA5}.Debug|Any CPU.Build.0 = Debug|Any CPU
		{A04C028B-3D23-42FB-A5FD-8E65780BBFA5}.Debug|x64.ActiveCfg = Debug|Any CPU
		{A04C028B-3D23-42FB-A5FD-8E65780BBFA5}.Debug|x64.Build.0 = Debug|Any CPU
		{A04C028B-3D23-42FB-A5FD-8E65780BBFA5}.Debug|x86.ActiveCfg = Debug|Any CPU
		{A04C028B-3D23-42FB-A5FD-8E65780BBFA5}.Debug|x86.Build.0 = Debug|Any CPU
		{A04C028B-3D23-42FB-A5FD-8E65780BBFA5}.Release|Any CPU.ActiveCfg = Release|Any CPU
		{A04C028B-3D23-42FB-A5FD-8E65780BBFA5}.Release|Any CPU.Build.0 = Release|Any CPU
		{A04C028B-3D23-42FB-A5FD-8E65780BBFA5}.Release|x64.ActiveCfg = Release|Any CPU
		{A04C028B-3D23-42FB-A5FD-8E65780BBFA5}.Release|x64.Build.0 = Release|Any CPU
		{A04C028B-3D23-42FB-A5FD-8E65780BBFA5}.Release|x86.ActiveCfg = Release|Any CPU
		{A04C028B-3D23-42FB-A5FD-8E65780BBFA5}.Release|x86.Build.0 = Release|Any CPU
		{A6949BB0-FD83-434E-93DA-FF7517B5E54A}.Debug|Any CPU.ActiveCfg = Debug|Any CPU
		{A6949BB0-FD83-434E-93DA-FF7517B5E54A}.Debug|Any CPU.Build.0 = Debug|Any CPU
		{A6949BB0-FD83-434E-93DA-FF7517B5E54A}.Debug|x64.ActiveCfg = Debug|Any CPU
		{A6949BB0-FD83-434E-93DA-FF7517B5E54A}.Debug|x64.Build.0 = Debug|Any CPU
		{A6949BB0-FD83-434E-93DA-FF7517B5E54A}.Debug|x86.ActiveCfg = Debug|Any CPU
		{A6949BB0-FD83-434E-93DA-FF7517B5E54A}.Debug|x86.Build.0 = Debug|Any CPU
		{A6949BB0-FD83-434E-93DA-FF7517B5E54A}.Release|Any CPU.ActiveCfg = Release|Any CPU
		{A6949BB0-FD83-434E-93DA-FF7517B5E54A}.Release|Any CPU.Build.0 = Release|Any CPU
		{A6949BB0-FD83-434E-93DA-FF7517B5E54A}.Release|x64.ActiveCfg = Release|Any CPU
		{A6949BB0-FD83-434E-93DA-FF7517B5E54A}.Release|x64.Build.0 = Release|Any CPU
		{A6949BB0-FD83-434E-93DA-FF7517B5E54A}.Release|x86.ActiveCfg = Release|Any CPU
		{A6949BB0-FD83-434E-93DA-FF7517B5E54A}.Release|x86.Build.0 = Release|Any CPU
		{3AC8CB1E-D411-4BF5-BD6A-D3A7C570EF00}.Debug|Any CPU.ActiveCfg = Debug|Any CPU
		{3AC8CB1E-D411-4BF5-BD6A-D3A7C570EF00}.Debug|Any CPU.Build.0 = Debug|Any CPU
		{3AC8CB1E-D411-4BF5-BD6A-D3A7C570EF00}.Debug|x64.ActiveCfg = Debug|Any CPU
		{3AC8CB1E-D411-4BF5-BD6A-D3A7C570EF00}.Debug|x64.Build.0 = Debug|Any CPU
		{3AC8CB1E-D411-4BF5-BD6A-D3A7C570EF00}.Debug|x86.ActiveCfg = Debug|Any CPU
		{3AC8CB1E-D411-4BF5-BD6A-D3A7C570EF00}.Debug|x86.Build.0 = Debug|Any CPU
		{3AC8CB1E-D411-4BF5-BD6A-D3A7C570EF00}.Release|Any CPU.ActiveCfg = Release|Any CPU
		{3AC8CB1E-D411-4BF5-BD6A-D3A7C570EF00}.Release|Any CPU.Build.0 = Release|Any CPU
		{3AC8CB1E-D411-4BF5-BD6A-D3A7C570EF00}.Release|x64.ActiveCfg = Release|Any CPU
		{3AC8CB1E-D411-4BF5-BD6A-D3A7C570EF00}.Release|x64.Build.0 = Release|Any CPU
		{3AC8CB1E-D411-4BF5-BD6A-D3A7C570EF00}.Release|x86.ActiveCfg = Release|Any CPU
		{3AC8CB1E-D411-4BF5-BD6A-D3A7C570EF00}.Release|x86.Build.0 = Release|Any CPU
		{F86C8DBA-C566-4B35-A2C7-19DFDD6C7DEA}.Debug|Any CPU.ActiveCfg = Debug|Any CPU
		{F86C8DBA-C566-4B35-A2C7-19DFDD6C7DEA}.Debug|Any CPU.Build.0 = Debug|Any CPU
		{F86C8DBA-C566-4B35-A2C7-19DFDD6C7DEA}.Debug|x64.ActiveCfg = Debug|Any CPU
		{F86C8DBA-C566-4B35-A2C7-19DFDD6C7DEA}.Debug|x64.Build.0 = Debug|Any CPU
		{F86C8DBA-C566-4B35-A2C7-19DFDD6C7DEA}.Debug|x86.ActiveCfg = Debug|Any CPU
		{F86C8DBA-C566-4B35-A2C7-19DFDD6C7DEA}.Debug|x86.Build.0 = Debug|Any CPU
		{F86C8DBA-C566-4B35-A2C7-19DFDD6C7DEA}.Release|Any CPU.ActiveCfg = Release|Any CPU
		{F86C8DBA-C566-4B35-A2C7-19DFDD6C7DEA}.Release|Any CPU.Build.0 = Release|Any CPU
		{F86C8DBA-C566-4B35-A2C7-19DFDD6C7DEA}.Release|x64.ActiveCfg = Release|Any CPU
		{F86C8DBA-C566-4B35-A2C7-19DFDD6C7DEA}.Release|x64.Build.0 = Release|Any CPU
		{F86C8DBA-C566-4B35-A2C7-19DFDD6C7DEA}.Release|x86.ActiveCfg = Release|Any CPU
		{F86C8DBA-C566-4B35-A2C7-19DFDD6C7DEA}.Release|x86.Build.0 = Release|Any CPU
	EndGlobalSection
	GlobalSection(SolutionProperties) = preSolution
		HideSolutionNode = FALSE
	EndGlobalSection
	GlobalSection(NestedProjects) = preSolution
		{0C014101-EA0A-49B6-AB6B-590B37779F38} = {46D734C0-32AE-4B02-9A16-2FE154B888BB}
		{2EE8059A-8B43-45B9-AA7C-BAB534986C1F} = {46D734C0-32AE-4B02-9A16-2FE154B888BB}
		{55244748-6BF2-4A49-8F5C-5F660C66D63C} = {46D734C0-32AE-4B02-9A16-2FE154B888BB}
		{11B04DDE-378F-46BC-A3BA-2ADCDE4A5699} = {46D734C0-32AE-4B02-9A16-2FE154B888BB}
		{AF9B1DAE-4741-4893-A7ED-B237567A92E5} = {08722C2B-08B2-4615-8BAF-25EDC0C497BD}
		{71971C21-68F5-4D29-A044-7656271E5C06} = {08722C2B-08B2-4615-8BAF-25EDC0C497BD}
		{A04C028B-3D23-42FB-A5FD-8E65780BBFA5} = {08722C2B-08B2-4615-8BAF-25EDC0C497BD}
		{A6949BB0-FD83-434E-93DA-FF7517B5E54A} = {08722C2B-08B2-4615-8BAF-25EDC0C497BD}
		{3AC8CB1E-D411-4BF5-BD6A-D3A7C570EF00} = {46D734C0-32AE-4B02-9A16-2FE154B888BB}
		{F86C8DBA-C566-4B35-A2C7-19DFDD6C7DEA} = {46D734C0-32AE-4B02-9A16-2FE154B888BB}
	EndGlobalSection
	GlobalSection(ExtensibilityGlobals) = postSolution
		SolutionGuid = {572E074A-7E1F-4483-9F6B-7B7711E4BA92}
	EndGlobalSection
EndGlobal
